// !$*UTF8*$!
{
	archiveVersion = 1;
	classes = {
	};
	objectVersion = 46;
	objects = {

/* Begin PBXBuildFile section */
		016F83E21D5A203B006F8285 /* AppDelegate.swift in Sources */ = {isa = PBXBuildFile; fileRef = 016F83E11D5A203B006F8285 /* AppDelegate.swift */; };
		016F83E41D5A203B006F8285 /* ViewController.swift in Sources */ = {isa = PBXBuildFile; fileRef = 016F83E31D5A203B006F8285 /* ViewController.swift */; };
		016F83E71D5A203C006F8285 /* Main.storyboard in Resources */ = {isa = PBXBuildFile; fileRef = 016F83E51D5A203C006F8285 /* Main.storyboard */; };
		016F83E91D5A203C006F8285 /* Assets.xcassets in Resources */ = {isa = PBXBuildFile; fileRef = 016F83E81D5A203C006F8285 /* Assets.xcassets */; };
		016F83EC1D5A203C006F8285 /* LaunchScreen.storyboard in Resources */ = {isa = PBXBuildFile; fileRef = 016F83EA1D5A203C006F8285 /* LaunchScreen.storyboard */; };
/* End PBXBuildFile section */

/* Begin PBXFileReference section */
		016F83DE1D5A203B006F8285 /* Destroytheword.app */ = {isa = PBXFileReference; explicitFileType = wrapper.application; includeInIndex = 0; path = Destroytheword.app; sourceTree = BUILT_PRODUCTS_DIR; };
		016F83E11D5A203B006F8285 /* AppDelegate.swift */ = {isa = PBXFileReference; lastKnownFileType = sourcecode.swift; path = AppDelegate.swift; sourceTree = "<group>"; };
		016F83E31D5A203B006F8285 /* ViewController.swift */ = {isa = PBXFileReference; lastKnownFileType = sourcecode.swift; path = ViewController.swift; sourceTree = "<group>"; };
		016F83E61D5A203C006F8285 /* Base */ = {isa = PBXFileReference; lastKnownFileType = file.storyboard; name = Base; path = Base.lproj/Main.storyboard; sourceTree = "<group>"; };
		016F83E81D5A203C006F8285 /* Assets.xcassets */ = {isa = PBXFileReference; lastKnownFileType = folder.assetcatalog; path = Assets.xcassets; sourceTree = "<group>"; };
		016F83EB1D5A203C006F8285 /* Base */ = {isa = PBXFileReference; lastKnownFileType = file.storyboard; name = Base; path = Base.lproj/LaunchScreen.storyboard; sourceTree = "<group>"; };
		016F83ED1D5A203C006F8285 /* Info.plist */ = {isa = PBXFileReference; lastKnownFileType = text.plist.xml; path = Info.plist; sourceTree = "<group>"; };
/* End PBXFileReference section */

/* Begin PBXFrameworksBuildPhase section */
		016F83DB1D5A203A006F8285 /* Frameworks */ = {
			isa = PBXFrameworksBuildPhase;
			buildActionMask = 2147483647;
			files = (
			);
			runOnlyForDeploymentPostprocessing = 0;
		};
/* End PBXFrameworksBuildPhase section */

/* Begin PBXGroup section */
		016F83D51D5A203A006F8285 = {
			isa = PBXGroup;
			children = (
				016F83E01D5A203B006F8285 /* Destroytheword */,
				016F83DF1D5A203B006F8285 /* Products */,
			);
			sourceTree = "<group>";
		};
		016F83DF1D5A203B006F8285 /* Products */ = {
			isa = PBXGroup;
			children = (
				016F83DE1D5A203B006F8285 /* Destroytheword.app */,
			);
			name = Products;
			sourceTree = "<group>";
		};
		016F83E01D5A203B006F8285 /* Destroytheword */ = {
			isa = PBXGroup;
			children = (
				016F83E11D5A203B006F8285 /* AppDelegate.swift */,
				016F83E31D5A203B006F8285 /* ViewController.swift */,
				016F83E51D5A203C006F8285 /* Main.storyboard */,
				016F83E81D5A203C006F8285 /* Assets.xcassets */,
				016F83EA1D5A203C006F8285 /* LaunchScreen.storyboard */,
				016F83ED1D5A203C006F8285 /* Info.plist */,
			);
			path = Destroytheword;
			sourceTree = "<group>";
		};
/* End PBXGroup section */

/* Begin PBXNativeTarget section */
		016F83DD1D5A203A006F8285 /* Destroytheword */ = {
			isa = PBXNativeTarget;
			buildConfigurationList = 016F83F01D5A203C006F8285 /* Build configuration list for PBXNativeTarget "Destroytheword" */;
			buildPhases = (
				016F83DA1D5A203A006F8285 /* Sources */,
				016F83DB1D5A203A006F8285 /* Frameworks */,
				016F83DC1D5A203A006F8285 /* Resources */,
			);
			buildRules = (
			);
			dependencies = (
			);
			name = Destroytheword;
			productName = Destroytheword;
			productReference = 016F83DE1D5A203B006F8285 /* Destroytheword.app */;
			productType = "com.apple.product-type.application";
		};
/* End PBXNativeTarget section */

/* Begin PBXProject section */
		016F83D61D5A203A006F8285 /* Project object */ = {
			isa = PBXProject;
			attributes = {
				LastSwiftUpdateCheck = 0800;
				LastUpgradeCheck = 0800;
				ORGANIZATIONNAME = "Mark Cowland";
				TargetAttributes = {
					016F83DD1D5A203A006F8285 = {
						CreatedOnToolsVersion = 8.0;
						ProvisioningStyle = Automatic;
					};
				};
			};
			buildConfigurationList = 016F83D91D5A203A006F8285 /* Build configuration list for PBXProject "Destroytheword" */;
			compatibilityVersion = "Xcode 3.2";
			developmentRegion = English;
			hasScannedForEncodings = 0;
			knownRegions = (
				en,
				Base,
			);
			mainGroup = 016F83D51D5A203A006F8285;
			productRefGroup = 016F83DF1D5A203B006F8285 /* Products */;
			projectDirPath = "";
			projectRoot = "";
			targets = (
				016F83DD1D5A203A006F8285 /* Destroytheword */,
			);
		};
/* End PBXProject section */

/* Begin PBXResourcesBuildPhase section */
		016F83DC1D5A203A006F8285 /* Resources */ = {
			isa = PBXResourcesBuildPhase;
			buildActionMask = 2147483647;
			files = (
				016F83EC1D5A203C006F8285 /* LaunchScreen.storyboard in Resources */,
				016F83E91D5A203C006F8285 /* Assets.xcassets in Resources */,
				016F83E71D5A203C006F8285 /* Main.storyboard in Resources */,
			);
			runOnlyForDeploymentPostprocessing = 0;
		};
/* End PBXResourcesBuildPhase section */

/* Begin PBXSourcesBuildPhase section */
		016F83DA1D5A203A006F8285 /* Sources */ = {
			isa = PBXSourcesBuildPhase;
			buildActionMask = 2147483647;
			files = (
				016F83E41D5A203B006F8285 /* ViewController.swift in Sources */,
				016F83E21D5A203B006F8285 /* AppDelegate.swift in Sources */,
			);
			runOnlyForDeploymentPostprocessing = 0;
		};
/* End PBXSourcesBuildPhase section */

/* Begin PBXVariantGroup section */
		016F83E51D5A203C006F8285 /* Main.storyboard */ = {
			isa = PBXVariantGroup;
			children = (
				016F83E61D5A203C006F8285 /* Base */,
			);
			name = Main.storyboard;
			sourceTree = "<group>";
		};
		016F83EA1D5A203C006F8285 /* LaunchScreen.storyboard */ = {
			isa = PBXVariantGroup;
			children = (
				016F83EB1D5A203C006F8285 /* Base */,
			);
			name = LaunchScreen.storyboard;
			sourceTree = "<group>";
		};
/* End PBXVariantGroup section */

/* Begin XCBuildConfiguration section */
		016F83EE1D5A203C006F8285 /* Debug */ = {
			isa = XCBuildConfiguration;
			buildSettings = {
				ALWAYS_SEARCH_USER_PATHS = NO;
				CLANG_ANALYZER_NONNULL = YES;
				CLANG_CXX_LANGUAGE_STANDARD = "gnu++0x";
				CLANG_CXX_LIBRARY = "libc++";
				CLANG_ENABLE_MODULES = YES;
				CLANG_ENABLE_OBJC_ARC = YES;
				CLANG_WARN_BOOL_CONVERSION = YES;
				CLANG_WARN_CONSTANT_CONVERSION = YES;
				CLANG_WARN_DIRECT_OBJC_ISA_USAGE = YES_ERROR;
				CLANG_WARN_DOCUMENTATION_COMMENTS = YES;
				CLANG_WARN_EMPTY_BODY = YES;
				CLANG_WARN_ENUM_CONVERSION = YES;
				CLANG_WARN_INFINITE_RECURSION = YES;
				CLANG_WARN_INT_CONVERSION = YES;
				CLANG_WARN_OBJC_ROOT_CLASS = YES_ERROR;
				CLANG_WARN_SUSPICIOUS_MOVES = YES;
				CLANG_WARN_UNREACHABLE_CODE = YES;
				CLANG_WARN__DUPLICATE_METHOD_MATCH = YES;
				"CODE_SIGN_IDENTITY[sdk=iphoneos*]" = "iPhone Developer";
				COPY_PHASE_STRIP = NO;
				DEBUG_INFORMATION_FORMAT = dwarf;
				ENABLE_STRICT_OBJC_MSGSEND = YES;
				ENABLE_TESTABILITY = YES;
				GCC_C_LANGUAGE_STANDARD = gnu99;
				GCC_DYNAMIC_NO_PIC = NO;
				GCC_NO_COMMON_BLOCKS = YES;
				GCC_OPTIMIZATION_LEVEL = 0;
				GCC_PREPROCESSOR_DEFINITIONS = (
					"DEBUG=1",
					"$(inherited)",
				);
				GCC_WARN_64_TO_32_BIT_CONVERSION = YES;
				GCC_WARN_ABOUT_RETURN_TYPE = YES_ERROR;
				GCC_WARN_UNDECLARED_SELECTOR = YES;
				GCC_WARN_UNINITIALIZED_AUTOS = YES_AGGRESSIVE;
				GCC_WARN_UNUSED_FUNCTION = YES;
				GCC_WARN_UNUSED_VARIABLE = YES;
				IPHONEOS_DEPLOYMENT_TARGET = 10.0;
				MTL_ENABLE_DEBUG_INFO = YES;
				ONLY_ACTIVE_ARCH = YES;
				SDKROOT = iphoneos;
				SWIFT_ACTIVE_COMPILATION_CONDITIONS = DEBUG;
				SWIFT_OPTIMIZATION_LEVEL = "-Onone";
				TARGETED_DEVICE_FAMILY = "1,2";
			};
			name = Debug;
		};
		016F83EF1D5A203C006F8285 /* Release */ = {
			isa = XCBuildConfiguration;
			buildSettings = {
				ALWAYS_SEARCH_USER_PATHS = NO;
				CLANG_ANALYZER_NONNULL = YES;
				CLANG_CXX_LANGUAGE_STANDARD = "gnu++0x";
				CLANG_CXX_LIBRARY = "libc++";
				CLANG_ENABLE_MODULES = YES;
				CLANG_ENABLE_OBJC_ARC = YES;
				CLANG_WARN_BOOL_CONVERSION = YES;
				CLANG_WARN_CONSTANT_CONVERSION = YES;
				CLANG_WARN_DIRECT_OBJC_ISA_USAGE = YES_ERROR;
				CLANG_WARN_DOCUMENTATION_COMMENTS = YES;
				CLANG_WARN_EMPTY_BODY = YES;
				CLANG_WARN_ENUM_CONVERSION = YES;
				CLANG_WARN_INFINITE_RECURSION = YES;
				CLANG_WARN_INT_CONVERSION = YES;
				CLANG_WARN_OBJC_ROOT_CLASS = YES_ERROR;
				CLANG_WARN_SUSPICIOUS_MOVES = YES;
				CLANG_WARN_UNREACHABLE_CODE = YES;
				CLANG_WARN__DUPLICATE_METHOD_MATCH = YES;
				"CODE_SIGN_IDENTITY[sdk=iphoneos*]" = "iPhone Developer";
				COPY_PHASE_STRIP = NO;
				DEBUG_INFORMATION_FORMAT = "dwarf-with-dsym";
				ENABLE_NS_ASSERTIONS = NO;
				ENABLE_STRICT_OBJC_MSGSEND = YES;
				GCC_C_LANGUAGE_STANDARD = gnu99;
				GCC_NO_COMMON_BLOCKS = YES;
				GCC_WARN_64_TO_32_BIT_CONVERSION = YES;
				GCC_WARN_ABOUT_RETURN_TYPE = YES_ERROR;
				GCC_WARN_UNDECLARED_SELECTOR = YES;
				GCC_WARN_UNINITIALIZED_AUTOS = YES_AGGRESSIVE;
				GCC_WARN_UNUSED_FUNCTION = YES;
				GCC_WARN_UNUSED_VARIABLE = YES;
				IPHONEOS_DEPLOYMENT_TARGET = 10.0;
				MTL_ENABLE_DEBUG_INFO = NO;
				SDKROOT = iphoneos;
				SWIFT_OPTIMIZATION_LEVEL = "-Owholemodule";
				TARGETED_DEVICE_FAMILY = "1,2";
				VALIDATE_PRODUCT = YES;
			};
			name = Release;
		};
		016F83F11D5A203C006F8285 /* Debug */ = {
			isa = XCBuildConfiguration;
			buildSettings = {
				ASSETCATALOG_COMPILER_APPICON_NAME = AppIcon;
				INFOPLIST_FILE = Destroytheword/Info.plist;
				LD_RUNPATH_SEARCH_PATHS = "$(inherited) @executable_path/Frameworks";
				PRODUCT_BUNDLE_IDENTIFIER = Developer.Destroytheword;
				PRODUCT_NAME = "$(TARGET_NAME)";
				SWIFT_VERSION = 3.0;
			};
			name = Debug;
		};
		016F83F21D5A203C006F8285 /* Release */ = {
			isa = XCBuildConfiguration;
			buildSettings = {
				ASSETCATALOG_COMPILER_APPICON_NAME = AppIcon;
				INFOPLIST_FILE = Destroytheword/Info.plist;
				LD_RUNPATH_SEARCH_PATHS = "$(inherited) @executable_path/Frameworks";
				PRODUCT_BUNDLE_IDENTIFIER = Developer.Destroytheword;
				PRODUCT_NAME = "$(TARGET_NAME)";
				SWIFT_VERSION = 3.0;
			};
			name = Release;
		};
/* End XCBuildConfiguration section */

/* Begin XCConfigurationList section */
		016F83D91D5A203A006F8285 /* Build configuration list for PBXProject "Destroytheword" */ = {
			isa = XCConfigurationList;
			buildConfigurations = (
				016F83EE1D5A203C006F8285 /* Debug */,
				016F83EF1D5A203C006F8285 /* Release */,
			);
			defaultConfigurationIsVisible = 0;
			defaultConfigurationName = Release;
		};
		016F83F01D5A203C006F8285 /* Build configuration list for PBXNativeTarget "Destroytheword" */ = {
			isa = XCConfigurationList;
			buildConfigurations = (
				016F83F11D5A203C006F8285 /* Debug */,
				016F83F21D5A203C006F8285 /* Release */,
			);
			defaultConfigurationIsVisible = 0;
		};
/* End XCConfigurationList section */
	};
	rootObject = 016F83D61D5A203A006F8285 /* Project object */;
}
